// !$*UTF8*$!
{
	archiveVersion = 1;
	classes = {
	};
	objectVersion = 56;
	objects = {

/* Begin PBXBuildFile section */
		75D34CEB2972B11600C0269B /* PerfectDayWidgetApp.swift in Sources */ = {isa = PBXBuildFile; fileRef = 75D34CEA2972B11600C0269B /* PerfectDayWidgetApp.swift */; };
		75D34CED2972B11600C0269B /* ContentView.swift in Sources */ = {isa = PBXBuildFile; fileRef = 75D34CEC2972B11600C0269B /* ContentView.swift */; };
		75D34CEF2972B11700C0269B /* Assets.xcassets in Resources */ = {isa = PBXBuildFile; fileRef = 75D34CEE2972B11700C0269B /* Assets.xcassets */; };
		75D34CF32972B11700C0269B /* Preview Assets.xcassets in Resources */ = {isa = PBXBuildFile; fileRef = 75D34CF22972B11700C0269B /* Preview Assets.xcassets */; };
		75D34CFD2972B11700C0269B /* PerfectDayWidgetTests.swift in Sources */ = {isa = PBXBuildFile; fileRef = 75D34CFC2972B11700C0269B /* PerfectDayWidgetTests.swift */; };
		75D34D072972B11700C0269B /* PerfectDayWidgetUITests.swift in Sources */ = {isa = PBXBuildFile; fileRef = 75D34D062972B11700C0269B /* PerfectDayWidgetUITests.swift */; };
		75D34D092972B11700C0269B /* PerfectDayWidgetUITestsLaunchTests.swift in Sources */ = {isa = PBXBuildFile; fileRef = 75D34D082972B11700C0269B /* PerfectDayWidgetUITestsLaunchTests.swift */; };
		75D34D1C2972B16F00C0269B /* WidgetKit.framework in Frameworks */ = {isa = PBXBuildFile; fileRef = 75D34D1B2972B16F00C0269B /* WidgetKit.framework */; };
		75D34D1E2972B16F00C0269B /* SwiftUI.framework in Frameworks */ = {isa = PBXBuildFile; fileRef = 75D34D1D2972B16F00C0269B /* SwiftUI.framework */; };
		75D34D212972B16F00C0269B /* PerfectDayBundle.swift in Sources */ = {isa = PBXBuildFile; fileRef = 75D34D202972B16F00C0269B /* PerfectDayBundle.swift */; };
		75D34D232972B16F00C0269B /* PerfectDayLiveActivity.swift in Sources */ = {isa = PBXBuildFile; fileRef = 75D34D222972B16F00C0269B /* PerfectDayLiveActivity.swift */; };
		75D34D252972B16F00C0269B /* PerfectDay.swift in Sources */ = {isa = PBXBuildFile; fileRef = 75D34D242972B16F00C0269B /* PerfectDay.swift */; };
		75D34D282972B17000C0269B /* Assets.xcassets in Resources */ = {isa = PBXBuildFile; fileRef = 75D34D272972B17000C0269B /* Assets.xcassets */; };
		75D34D2A2972B17000C0269B /* PerfectDay.intentdefinition in Sources */ = {isa = PBXBuildFile; fileRef = 75D34D262972B16F00C0269B /* PerfectDay.intentdefinition */; };
		75D34D2B2972B17000C0269B /* PerfectDay.intentdefinition in Sources */ = {isa = PBXBuildFile; fileRef = 75D34D262972B16F00C0269B /* PerfectDay.intentdefinition */; };
		75D34D2E2972B17000C0269B /* PerfectDayExtension.appex in Embed Foundation Extensions */ = {isa = PBXBuildFile; fileRef = 75D34D192972B16F00C0269B /* PerfectDayExtension.appex */; platformFilter = ios; settings = {ATTRIBUTES = (RemoveHeadersOnCopy, ); }; };
/* End PBXBuildFile section */

/* Begin PBXContainerItemProxy section */
		75D34CF92972B11700C0269B /* PBXContainerItemProxy */ = {
			isa = PBXContainerItemProxy;
			containerPortal = 75D34CDF2972B11600C0269B /* Project object */;
			proxyType = 1;
			remoteGlobalIDString = 75D34CE62972B11600C0269B;
			remoteInfo = PerfectDayWidget;
		};
		75D34D032972B11700C0269B /* PBXContainerItemProxy */ = {
			isa = PBXContainerItemProxy;
			containerPortal = 75D34CDF2972B11600C0269B /* Project object */;
			proxyType = 1;
			remoteGlobalIDString = 75D34CE62972B11600C0269B;
			remoteInfo = PerfectDayWidget;
		};
		75D34D2C2972B17000C0269B /* PBXContainerItemProxy */ = {
			isa = PBXContainerItemProxy;
			containerPortal = 75D34CDF2972B11600C0269B /* Project object */;
			proxyType = 1;
			remoteGlobalIDString = 75D34D182972B16F00C0269B;
			remoteInfo = PerfectDayExtension;
		};
/* End PBXContainerItemProxy section */

/* Begin PBXCopyFilesBuildPhase section */
		75D34D322972B17000C0269B /* Embed Foundation Extensions */ = {
			isa = PBXCopyFilesBuildPhase;
			buildActionMask = 2147483647;
			dstPath = "";
			dstSubfolderSpec = 13;
			files = (
				75D34D2E2972B17000C0269B /* PerfectDayExtension.appex in Embed Foundation Extensions */,
			);
			name = "Embed Foundation Extensions";
			runOnlyForDeploymentPostprocessing = 0;
		};
/* End PBXCopyFilesBuildPhase section */

/* Begin PBXFileReference section */
		75D34CE72972B11600C0269B /* PerfectDayWidget.app */ = {isa = PBXFileReference; explicitFileType = wrapper.application; includeInIndex = 0; path = PerfectDayWidget.app; sourceTree = BUILT_PRODUCTS_DIR; };
		75D34CEA2972B11600C0269B /* PerfectDayWidgetApp.swift */ = {isa = PBXFileReference; lastKnownFileType = sourcecode.swift; path = PerfectDayWidgetApp.swift; sourceTree = "<group>"; };
		75D34CEC2972B11600C0269B /* ContentView.swift */ = {isa = PBXFileReference; lastKnownFileType = sourcecode.swift; path = ContentView.swift; sourceTree = "<group>"; };
		75D34CEE2972B11700C0269B /* Assets.xcassets */ = {isa = PBXFileReference; lastKnownFileType = folder.assetcatalog; path = Assets.xcassets; sourceTree = "<group>"; };
		75D34CF02972B11700C0269B /* PerfectDayWidget.entitlements */ = {isa = PBXFileReference; lastKnownFileType = text.plist.entitlements; path = PerfectDayWidget.entitlements; sourceTree = "<group>"; };
		75D34CF22972B11700C0269B /* Preview Assets.xcassets */ = {isa = PBXFileReference; lastKnownFileType = folder.assetcatalog; path = "Preview Assets.xcassets"; sourceTree = "<group>"; };
		75D34CF82972B11700C0269B /* PerfectDayWidgetTests.xctest */ = {isa = PBXFileReference; explicitFileType = wrapper.cfbundle; includeInIndex = 0; path = PerfectDayWidgetTests.xctest; sourceTree = BUILT_PRODUCTS_DIR; };
		75D34CFC2972B11700C0269B /* PerfectDayWidgetTests.swift */ = {isa = PBXFileReference; lastKnownFileType = sourcecode.swift; path = PerfectDayWidgetTests.swift; sourceTree = "<group>"; };
		75D34D022972B11700C0269B /* PerfectDayWidgetUITests.xctest */ = {isa = PBXFileReference; explicitFileType = wrapper.cfbundle; includeInIndex = 0; path = PerfectDayWidgetUITests.xctest; sourceTree = BUILT_PRODUCTS_DIR; };
		75D34D062972B11700C0269B /* PerfectDayWidgetUITests.swift */ = {isa = PBXFileReference; lastKnownFileType = sourcecode.swift; path = PerfectDayWidgetUITests.swift; sourceTree = "<group>"; };
		75D34D082972B11700C0269B /* PerfectDayWidgetUITestsLaunchTests.swift */ = {isa = PBXFileReference; lastKnownFileType = sourcecode.swift; path = PerfectDayWidgetUITestsLaunchTests.swift; sourceTree = "<group>"; };
		75D34D192972B16F00C0269B /* PerfectDayExtension.appex */ = {isa = PBXFileReference; explicitFileType = "wrapper.app-extension"; includeInIndex = 0; path = PerfectDayExtension.appex; sourceTree = BUILT_PRODUCTS_DIR; };
		75D34D1B2972B16F00C0269B /* WidgetKit.framework */ = {isa = PBXFileReference; lastKnownFileType = wrapper.framework; name = WidgetKit.framework; path = System/Library/Frameworks/WidgetKit.framework; sourceTree = SDKROOT; };
		75D34D1D2972B16F00C0269B /* SwiftUI.framework */ = {isa = PBXFileReference; lastKnownFileType = wrapper.framework; name = SwiftUI.framework; path = System/Library/Frameworks/SwiftUI.framework; sourceTree = SDKROOT; };
		75D34D202972B16F00C0269B /* PerfectDayBundle.swift */ = {isa = PBXFileReference; lastKnownFileType = sourcecode.swift; path = PerfectDayBundle.swift; sourceTree = "<group>"; };
		75D34D222972B16F00C0269B /* PerfectDayLiveActivity.swift */ = {isa = PBXFileReference; lastKnownFileType = sourcecode.swift; path = PerfectDayLiveActivity.swift; sourceTree = "<group>"; };
		75D34D242972B16F00C0269B /* PerfectDay.swift */ = {isa = PBXFileReference; lastKnownFileType = sourcecode.swift; path = PerfectDay.swift; sourceTree = "<group>"; };
		75D34D262972B16F00C0269B /* PerfectDay.intentdefinition */ = {isa = PBXFileReference; lastKnownFileType = file.intentdefinition; path = PerfectDay.intentdefinition; sourceTree = "<group>"; };
		75D34D272972B17000C0269B /* Assets.xcassets */ = {isa = PBXFileReference; lastKnownFileType = folder.assetcatalog; path = Assets.xcassets; sourceTree = "<group>"; };
		75D34D292972B17000C0269B /* Info.plist */ = {isa = PBXFileReference; lastKnownFileType = text.plist.xml; path = Info.plist; sourceTree = "<group>"; };
/* End PBXFileReference section */

/* Begin PBXFrameworksBuildPhase section */
		75D34CE42972B11600C0269B /* Frameworks */ = {
			isa = PBXFrameworksBuildPhase;
			buildActionMask = 2147483647;
			files = (
			);
			runOnlyForDeploymentPostprocessing = 0;
		};
		75D34CF52972B11700C0269B /* Frameworks */ = {
			isa = PBXFrameworksBuildPhase;
			buildActionMask = 2147483647;
			files = (
			);
			runOnlyForDeploymentPostprocessing = 0;
		};
		75D34CFF2972B11700C0269B /* Frameworks */ = {
			isa = PBXFrameworksBuildPhase;
			buildActionMask = 2147483647;
			files = (
			);
			runOnlyForDeploymentPostprocessing = 0;
		};
		75D34D162972B16F00C0269B /* Frameworks */ = {
			isa = PBXFrameworksBuildPhase;
			buildActionMask = 2147483647;
			files = (
				75D34D1E2972B16F00C0269B /* SwiftUI.framework in Frameworks */,
				75D34D1C2972B16F00C0269B /* WidgetKit.framework in Frameworks */,
			);
			runOnlyForDeploymentPostprocessing = 0;
		};
/* End PBXFrameworksBuildPhase section */

/* Begin PBXGroup section */
		75D34CDE2972B11600C0269B = {
			isa = PBXGroup;
			children = (
				75D34CE92972B11600C0269B /* PerfectDayWidget */,
				75D34CFB2972B11700C0269B /* PerfectDayWidgetTests */,
				75D34D052972B11700C0269B /* PerfectDayWidgetUITests */,
				75D34D1F2972B16F00C0269B /* PerfectDay */,
				75D34D1A2972B16F00C0269B /* Frameworks */,
				75D34CE82972B11600C0269B /* Products */,
			);
			sourceTree = "<group>";
		};
		75D34CE82972B11600C0269B /* Products */ = {
			isa = PBXGroup;
			children = (
				75D34CE72972B11600C0269B /* PerfectDayWidget.app */,
				75D34CF82972B11700C0269B /* PerfectDayWidgetTests.xctest */,
				75D34D022972B11700C0269B /* PerfectDayWidgetUITests.xctest */,
				75D34D192972B16F00C0269B /* PerfectDayExtension.appex */,
			);
			name = Products;
			sourceTree = "<group>";
		};
		75D34CE92972B11600C0269B /* PerfectDayWidget */ = {
			isa = PBXGroup;
			children = (
				75D34CEA2972B11600C0269B /* PerfectDayWidgetApp.swift */,
				75D34CEC2972B11600C0269B /* ContentView.swift */,
				75D34CEE2972B11700C0269B /* Assets.xcassets */,
				75D34CF02972B11700C0269B /* PerfectDayWidget.entitlements */,
				75D34CF12972B11700C0269B /* Preview Content */,
			);
			path = PerfectDayWidget;
			sourceTree = "<group>";
		};
		75D34CF12972B11700C0269B /* Preview Content */ = {
			isa = PBXGroup;
			children = (
				75D34CF22972B11700C0269B /* Preview Assets.xcassets */,
			);
			path = "Preview Content";
			sourceTree = "<group>";
		};
		75D34CFB2972B11700C0269B /* PerfectDayWidgetTests */ = {
			isa = PBXGroup;
			children = (
				75D34CFC2972B11700C0269B /* PerfectDayWidgetTests.swift */,
			);
			path = PerfectDayWidgetTests;
			sourceTree = "<group>";
		};
		75D34D052972B11700C0269B /* PerfectDayWidgetUITests */ = {
			isa = PBXGroup;
			children = (
				75D34D062972B11700C0269B /* PerfectDayWidgetUITests.swift */,
				75D34D082972B11700C0269B /* PerfectDayWidgetUITestsLaunchTests.swift */,
			);
			path = PerfectDayWidgetUITests;
			sourceTree = "<group>";
		};
		75D34D1A2972B16F00C0269B /* Frameworks */ = {
			isa = PBXGroup;
			children = (
				75D34D1B2972B16F00C0269B /* WidgetKit.framework */,
				75D34D1D2972B16F00C0269B /* SwiftUI.framework */,
			);
			name = Frameworks;
			sourceTree = "<group>";
		};
		75D34D1F2972B16F00C0269B /* PerfectDay */ = {
			isa = PBXGroup;
			children = (
				75D34D202972B16F00C0269B /* PerfectDayBundle.swift */,
				75D34D222972B16F00C0269B /* PerfectDayLiveActivity.swift */,
				75D34D242972B16F00C0269B /* PerfectDay.swift */,
				75D34D262972B16F00C0269B /* PerfectDay.intentdefinition */,
				75D34D272972B17000C0269B /* Assets.xcassets */,
				75D34D292972B17000C0269B /* Info.plist */,
			);
			path = PerfectDay;
			sourceTree = "<group>";
		};
/* End PBXGroup section */

/* Begin PBXNativeTarget section */
		75D34CE62972B11600C0269B /* PerfectDayWidget */ = {
			isa = PBXNativeTarget;
			buildConfigurationList = 75D34D0C2972B11700C0269B /* Build configuration list for PBXNativeTarget "PerfectDayWidget" */;
			buildPhases = (
				75D34CE32972B11600C0269B /* Sources */,
				75D34CE42972B11600C0269B /* Frameworks */,
				75D34CE52972B11600C0269B /* Resources */,
				75D34D322972B17000C0269B /* Embed Foundation Extensions */,
			);
			buildRules = (
			);
			dependencies = (
				75D34D2D2972B17000C0269B /* PBXTargetDependency */,
			);
			name = PerfectDayWidget;
			productName = PerfectDayWidget;
			productReference = 75D34CE72972B11600C0269B /* PerfectDayWidget.app */;
			productType = "com.apple.product-type.application";
		};
		75D34CF72972B11700C0269B /* PerfectDayWidgetTests */ = {
			isa = PBXNativeTarget;
			buildConfigurationList = 75D34D0F2972B11700C0269B /* Build configuration list for PBXNativeTarget "PerfectDayWidgetTests" */;
			buildPhases = (
				75D34CF42972B11700C0269B /* Sources */,
				75D34CF52972B11700C0269B /* Frameworks */,
				75D34CF62972B11700C0269B /* Resources */,
			);
			buildRules = (
			);
			dependencies = (
				75D34CFA2972B11700C0269B /* PBXTargetDependency */,
			);
			name = PerfectDayWidgetTests;
			productName = PerfectDayWidgetTests;
			productReference = 75D34CF82972B11700C0269B /* PerfectDayWidgetTests.xctest */;
			productType = "com.apple.product-type.bundle.unit-test";
		};
		75D34D012972B11700C0269B /* PerfectDayWidgetUITests */ = {
			isa = PBXNativeTarget;
			buildConfigurationList = 75D34D122972B11700C0269B /* Build configuration list for PBXNativeTarget "PerfectDayWidgetUITests" */;
			buildPhases = (
				75D34CFE2972B11700C0269B /* Sources */,
				75D34CFF2972B11700C0269B /* Frameworks */,
				75D34D002972B11700C0269B /* Resources */,
			);
			buildRules = (
			);
			dependencies = (
				75D34D042972B11700C0269B /* PBXTargetDependency */,
			);
			name = PerfectDayWidgetUITests;
			productName = PerfectDayWidgetUITests;
			productReference = 75D34D022972B11700C0269B /* PerfectDayWidgetUITests.xctest */;
			productType = "com.apple.product-type.bundle.ui-testing";
		};
		75D34D182972B16F00C0269B /* PerfectDayExtension */ = {
			isa = PBXNativeTarget;
			buildConfigurationList = 75D34D2F2972B17000C0269B /* Build configuration list for PBXNativeTarget "PerfectDayExtension" */;
			buildPhases = (
				75D34D152972B16F00C0269B /* Sources */,
				75D34D162972B16F00C0269B /* Frameworks */,
				75D34D172972B16F00C0269B /* Resources */,
			);
			buildRules = (
			);
			dependencies = (
			);
			name = PerfectDayExtension;
			productName = PerfectDayExtension;
			productReference = 75D34D192972B16F00C0269B /* PerfectDayExtension.appex */;
			productType = "com.apple.product-type.app-extension";
		};
/* End PBXNativeTarget section */

/* Begin PBXProject section */
		75D34CDF2972B11600C0269B /* Project object */ = {
			isa = PBXProject;
			attributes = {
				BuildIndependentTargetsInParallel = 1;
				LastSwiftUpdateCheck = 1420;
				LastUpgradeCheck = 1420;
				TargetAttributes = {
					75D34CE62972B11600C0269B = {
						CreatedOnToolsVersion = 14.2;
					};
					75D34CF72972B11700C0269B = {
						CreatedOnToolsVersion = 14.2;
						TestTargetID = 75D34CE62972B11600C0269B;
					};
					75D34D012972B11700C0269B = {
						CreatedOnToolsVersion = 14.2;
						TestTargetID = 75D34CE62972B11600C0269B;
					};
					75D34D182972B16F00C0269B = {
						CreatedOnToolsVersion = 14.2;
					};
				};
			};
			buildConfigurationList = 75D34CE22972B11600C0269B /* Build configuration list for PBXProject "PerfectDayWidget" */;
			compatibilityVersion = "Xcode 14.0";
			developmentRegion = en;
			hasScannedForEncodings = 0;
			knownRegions = (
				en,
				Base,
			);
			mainGroup = 75D34CDE2972B11600C0269B;
			productRefGroup = 75D34CE82972B11600C0269B /* Products */;
			projectDirPath = "";
			projectRoot = "";
			targets = (
				75D34CE62972B11600C0269B /* PerfectDayWidget */,
				75D34CF72972B11700C0269B /* PerfectDayWidgetTests */,
				75D34D012972B11700C0269B /* PerfectDayWidgetUITests */,
				75D34D182972B16F00C0269B /* PerfectDayExtension */,
			);
		};
/* End PBXProject section */

/* Begin PBXResourcesBuildPhase section */
		75D34CE52972B11600C0269B /* Resources */ = {
			isa = PBXResourcesBuildPhase;
			buildActionMask = 2147483647;
			files = (
				75D34CF32972B11700C0269B /* Preview Assets.xcassets in Resources */,
				75D34CEF2972B11700C0269B /* Assets.xcassets in Resources */,
			);
			runOnlyForDeploymentPostprocessing = 0;
		};
		75D34CF62972B11700C0269B /* Resources */ = {
			isa = PBXResourcesBuildPhase;
			buildActionMask = 2147483647;
			files = (
			);
			runOnlyForDeploymentPostprocessing = 0;
		};
		75D34D002972B11700C0269B /* Resources */ = {
			isa = PBXResourcesBuildPhase;
			buildActionMask = 2147483647;
			files = (
			);
			runOnlyForDeploymentPostprocessing = 0;
		};
		75D34D172972B16F00C0269B /* Resources */ = {
			isa = PBXResourcesBuildPhase;
			buildActionMask = 2147483647;
			files = (
				75D34D282972B17000C0269B /* Assets.xcassets in Resources */,
			);
			runOnlyForDeploymentPostprocessing = 0;
		};
/* End PBXResourcesBuildPhase section */

/* Begin PBXSourcesBuildPhase section */
		75D34CE32972B11600C0269B /* Sources */ = {
			isa = PBXSourcesBuildPhase;
			buildActionMask = 2147483647;
			files = (
				75D34D2B2972B17000C0269B /* PerfectDay.intentdefinition in Sources */,
				75D34CED2972B11600C0269B /* ContentView.swift in Sources */,
				75D34CEB2972B11600C0269B /* PerfectDayWidgetApp.swift in Sources */,
			);
			runOnlyForDeploymentPostprocessing = 0;
		};
		75D34CF42972B11700C0269B /* Sources */ = {
			isa = PBXSourcesBuildPhase;
			buildActionMask = 2147483647;
			files = (
				75D34CFD2972B11700C0269B /* PerfectDayWidgetTests.swift in Sources */,
			);
			runOnlyForDeploymentPostprocessing = 0;
		};
		75D34CFE2972B11700C0269B /* Sources */ = {
			isa = PBXSourcesBuildPhase;
			buildActionMask = 2147483647;
			files = (
				75D34D072972B11700C0269B /* PerfectDayWidgetUITests.swift in Sources */,
				75D34D092972B11700C0269B /* PerfectDayWidgetUITestsLaunchTests.swift in Sources */,
			);
			runOnlyForDeploymentPostprocessing = 0;
		};
		75D34D152972B16F00C0269B /* Sources */ = {
			isa = PBXSourcesBuildPhase;
			buildActionMask = 2147483647;
			files = (
				75D34D252972B16F00C0269B /* PerfectDay.swift in Sources */,
				75D34D212972B16F00C0269B /* PerfectDayBundle.swift in Sources */,
				75D34D232972B16F00C0269B /* PerfectDayLiveActivity.swift in Sources */,
				75D34D2A2972B17000C0269B /* PerfectDay.intentdefinition in Sources */,
			);
			runOnlyForDeploymentPostprocessing = 0;
		};
/* End PBXSourcesBuildPhase section */

/* Begin PBXTargetDependency section */
		75D34CFA2972B11700C0269B /* PBXTargetDependency */ = {
			isa = PBXTargetDependency;
			target = 75D34CE62972B11600C0269B /* PerfectDayWidget */;
			targetProxy = 75D34CF92972B11700C0269B /* PBXContainerItemProxy */;
		};
		75D34D042972B11700C0269B /* PBXTargetDependency */ = {
			isa = PBXTargetDependency;
			target = 75D34CE62972B11600C0269B /* PerfectDayWidget */;
			targetProxy = 75D34D032972B11700C0269B /* PBXContainerItemProxy */;
		};
		75D34D2D2972B17000C0269B /* PBXTargetDependency */ = {
			isa = PBXTargetDependency;
			platformFilter = ios;
			target = 75D34D182972B16F00C0269B /* PerfectDayExtension */;
			targetProxy = 75D34D2C2972B17000C0269B /* PBXContainerItemProxy */;
		};
/* End PBXTargetDependency section */

/* Begin XCBuildConfiguration section */
		75D34D0A2972B11700C0269B /* Debug */ = {
			isa = XCBuildConfiguration;
			buildSettings = {
				ALWAYS_SEARCH_USER_PATHS = NO;
				CLANG_ANALYZER_NONNULL = YES;
				CLANG_ANALYZER_NUMBER_OBJECT_CONVERSION = YES_AGGRESSIVE;
				CLANG_CXX_LANGUAGE_STANDARD = "gnu++20";
				CLANG_ENABLE_MODULES = YES;
				CLANG_ENABLE_OBJC_ARC = YES;
				CLANG_ENABLE_OBJC_WEAK = YES;
				CLANG_WARN_BLOCK_CAPTURE_AUTORELEASING = YES;
				CLANG_WARN_BOOL_CONVERSION = YES;
				CLANG_WARN_COMMA = YES;
				CLANG_WARN_CONSTANT_CONVERSION = YES;
				CLANG_WARN_DEPRECATED_OBJC_IMPLEMENTATIONS = YES;
				CLANG_WARN_DIRECT_OBJC_ISA_USAGE = YES_ERROR;
				CLANG_WARN_DOCUMENTATION_COMMENTS = YES;
				CLANG_WARN_EMPTY_BODY = YES;
				CLANG_WARN_ENUM_CONVERSION = YES;
				CLANG_WARN_INFINITE_RECURSION = YES;
				CLANG_WARN_INT_CONVERSION = YES;
				CLANG_WARN_NON_LITERAL_NULL_CONVERSION = YES;
				CLANG_WARN_OBJC_IMPLICIT_RETAIN_SELF = YES;
				CLANG_WARN_OBJC_LITERAL_CONVERSION = YES;
				CLANG_WARN_OBJC_ROOT_CLASS = YES_ERROR;
				CLANG_WARN_QUOTED_INCLUDE_IN_FRAMEWORK_HEADER = YES;
				CLANG_WARN_RANGE_LOOP_ANALYSIS = YES;
				CLANG_WARN_STRICT_PROTOTYPES = YES;
				CLANG_WARN_SUSPICIOUS_MOVE = YES;
				CLANG_WARN_UNGUARDED_AVAILABILITY = YES_AGGRESSIVE;
				CLANG_WARN_UNREACHABLE_CODE = YES;
				CLANG_WARN__DUPLICATE_METHOD_MATCH = YES;
				COPY_PHASE_STRIP = NO;
				DEBUG_INFORMATION_FORMAT = dwarf;
				ENABLE_STRICT_OBJC_MSGSEND = YES;
				ENABLE_TESTABILITY = YES;
				GCC_C_LANGUAGE_STANDARD = gnu11;
				GCC_DYNAMIC_NO_PIC = NO;
				GCC_NO_COMMON_BLOCKS = YES;
				GCC_OPTIMIZATION_LEVEL = 0;
				GCC_PREPROCESSOR_DEFINITIONS = (
					"DEBUG=1",
					"$(inherited)",
				);
				GCC_WARN_64_TO_32_BIT_CONVERSION = YES;
				GCC_WARN_ABOUT_RETURN_TYPE = YES_ERROR;
				GCC_WARN_UNDECLARED_SELECTOR = YES;
				GCC_WARN_UNINITIALIZED_AUTOS = YES_AGGRESSIVE;
				GCC_WARN_UNUSED_FUNCTION = YES;
				GCC_WARN_UNUSED_VARIABLE = YES;
				MTL_ENABLE_DEBUG_INFO = INCLUDE_SOURCE;
				MTL_FAST_MATH = YES;
				ONLY_ACTIVE_ARCH = YES;
				SWIFT_ACTIVE_COMPILATION_CONDITIONS = DEBUG;
				SWIFT_OPTIMIZATION_LEVEL = "-Onone";
			};
			name = Debug;
		};
		75D34D0B2972B11700C0269B /* Release */ = {
			isa = XCBuildConfiguration;
			buildSettings = {
				ALWAYS_SEARCH_USER_PATHS = NO;
				CLANG_ANALYZER_NONNULL = YES;
				CLANG_ANALYZER_NUMBER_OBJECT_CONVERSION = YES_AGGRESSIVE;
				CLANG_CXX_LANGUAGE_STANDARD = "gnu++20";
				CLANG_ENABLE_MODULES = YES;
				CLANG_ENABLE_OBJC_ARC = YES;
				CLANG_ENABLE_OBJC_WEAK = YES;
				CLANG_WARN_BLOCK_CAPTURE_AUTORELEASING = YES;
				CLANG_WARN_BOOL_CONVERSION = YES;
				CLANG_WARN_COMMA = YES;
				CLANG_WARN_CONSTANT_CONVERSION = YES;
				CLANG_WARN_DEPRECATED_OBJC_IMPLEMENTATIONS = YES;
				CLANG_WARN_DIRECT_OBJC_ISA_USAGE = YES_ERROR;
				CLANG_WARN_DOCUMENTATION_COMMENTS = YES;
				CLANG_WARN_EMPTY_BODY = YES;
				CLANG_WARN_ENUM_CONVERSION = YES;
				CLANG_WARN_INFINITE_RECURSION = YES;
				CLANG_WARN_INT_CONVERSION = YES;
				CLANG_WARN_NON_LITERAL_NULL_CONVERSION = YES;
				CLANG_WARN_OBJC_IMPLICIT_RETAIN_SELF = YES;
				CLANG_WARN_OBJC_LITERAL_CONVERSION = YES;
				CLANG_WARN_OBJC_ROOT_CLASS = YES_ERROR;
				CLANG_WARN_QUOTED_INCLUDE_IN_FRAMEWORK_HEADER = YES;
				CLANG_WARN_RANGE_LOOP_ANALYSIS = YES;
				CLANG_WARN_STRICT_PROTOTYPES = YES;
				CLANG_WARN_SUSPICIOUS_MOVE = YES;
				CLANG_WARN_UNGUARDED_AVAILABILITY = YES_AGGRESSIVE;
				CLANG_WARN_UNREACHABLE_CODE = YES;
				CLANG_WARN__DUPLICATE_METHOD_MATCH = YES;
				COPY_PHASE_STRIP = NO;
				DEBUG_INFORMATION_FORMAT = "dwarf-with-dsym";
				ENABLE_NS_ASSERTIONS = NO;
				ENABLE_STRICT_OBJC_MSGSEND = YES;
				GCC_C_LANGUAGE_STANDARD = gnu11;
				GCC_NO_COMMON_BLOCKS = YES;
				GCC_WARN_64_TO_32_BIT_CONVERSION = YES;
				GCC_WARN_ABOUT_RETURN_TYPE = YES_ERROR;
				GCC_WARN_UNDECLARED_SELECTOR = YES;
				GCC_WARN_UNINITIALIZED_AUTOS = YES_AGGRESSIVE;
				GCC_WARN_UNUSED_FUNCTION = YES;
				GCC_WARN_UNUSED_VARIABLE = YES;
				MTL_ENABLE_DEBUG_INFO = NO;
				MTL_FAST_MATH = YES;
				SWIFT_COMPILATION_MODE = wholemodule;
				SWIFT_OPTIMIZATION_LEVEL = "-O";
			};
			name = Release;
		};
		75D34D0D2972B11700C0269B /* Debug */ = {
			isa = XCBuildConfiguration;
			buildSettings = {
				ALWAYS_EMBED_SWIFT_STANDARD_LIBRARIES = YES;
				ASSETCATALOG_COMPILER_APPICON_NAME = AppIcon;
				ASSETCATALOG_COMPILER_GLOBAL_ACCENT_COLOR_NAME = AccentColor;
				CODE_SIGN_ENTITLEMENTS = PerfectDayWidget/PerfectDayWidget.entitlements;
				CODE_SIGN_STYLE = Automatic;
				CURRENT_PROJECT_VERSION = 1;
				DEVELOPMENT_ASSET_PATHS = "\"PerfectDayWidget/Preview Content\"";
				DEVELOPMENT_TEAM = 8L7Z3WU967;
				ENABLE_HARDENED_RUNTIME = YES;
				ENABLE_PREVIEWS = YES;
				GENERATE_INFOPLIST_FILE = YES;
				"INFOPLIST_KEY_UIApplicationSceneManifest_Generation[sdk=iphoneos*]" = YES;
				"INFOPLIST_KEY_UIApplicationSceneManifest_Generation[sdk=iphonesimulator*]" = YES;
				"INFOPLIST_KEY_UIApplicationSupportsIndirectInputEvents[sdk=iphoneos*]" = YES;
				"INFOPLIST_KEY_UIApplicationSupportsIndirectInputEvents[sdk=iphonesimulator*]" = YES;
				"INFOPLIST_KEY_UILaunchScreen_Generation[sdk=iphoneos*]" = YES;
				"INFOPLIST_KEY_UILaunchScreen_Generation[sdk=iphonesimulator*]" = YES;
				"INFOPLIST_KEY_UIStatusBarStyle[sdk=iphoneos*]" = UIStatusBarStyleDefault;
				"INFOPLIST_KEY_UIStatusBarStyle[sdk=iphonesimulator*]" = UIStatusBarStyleDefault;
				INFOPLIST_KEY_UISupportedInterfaceOrientations_iPad = "UIInterfaceOrientationPortrait UIInterfaceOrientationPortraitUpsideDown UIInterfaceOrientationLandscapeLeft UIInterfaceOrientationLandscapeRight";
				INFOPLIST_KEY_UISupportedInterfaceOrientations_iPhone = "UIInterfaceOrientationPortrait UIInterfaceOrientationLandscapeLeft UIInterfaceOrientationLandscapeRight";
				IPHONEOS_DEPLOYMENT_TARGET = 16.2;
				LD_RUNPATH_SEARCH_PATHS = "@executable_path/Frameworks";
				"LD_RUNPATH_SEARCH_PATHS[sdk=macosx*]" = "@executable_path/../Frameworks";
				MACOSX_DEPLOYMENT_TARGET = 12.6;
				MARKETING_VERSION = 1.0;
				PRODUCT_BUNDLE_IDENTIFIER = com.scottlydon.PerfectDayWidget;
				PRODUCT_NAME = "$(TARGET_NAME)";
				SDKROOT = auto;
				SUPPORTED_PLATFORMS = "iphoneos iphonesimulator macosx";
				SWIFT_EMIT_LOC_STRINGS = YES;
				SWIFT_VERSION = 5.0;
				TARGETED_DEVICE_FAMILY = "1,2";
			};
			name = Debug;
		};
		75D34D0E2972B11700C0269B /* Release */ = {
			isa = XCBuildConfiguration;
			buildSettings = {
				ALWAYS_EMBED_SWIFT_STANDARD_LIBRARIES = YES;
				ASSETCATALOG_COMPILER_APPICON_NAME = AppIcon;
				ASSETCATALOG_COMPILER_GLOBAL_ACCENT_COLOR_NAME = AccentColor;
				CODE_SIGN_ENTITLEMENTS = PerfectDayWidget/PerfectDayWidget.entitlements;
				CODE_SIGN_STYLE = Automatic;
				CURRENT_PROJECT_VERSION = 1;
				DEVELOPMENT_ASSET_PATHS = "\"PerfectDayWidget/Preview Content\"";
				DEVELOPMENT_TEAM = 8L7Z3WU967;
				ENABLE_HARDENED_RUNTIME = YES;
				ENABLE_PREVIEWS = YES;
				GENERATE_INFOPLIST_FILE = YES;
				"INFOPLIST_KEY_UIApplicationSceneManifest_Generation[sdk=iphoneos*]" = YES;
				"INFOPLIST_KEY_UIApplicationSceneManifest_Generation[sdk=iphonesimulator*]" = YES;
				"INFOPLIST_KEY_UIApplicationSupportsIndirectInputEvents[sdk=iphoneos*]" = YES;
				"INFOPLIST_KEY_UIApplicationSupportsIndirectInputEvents[sdk=iphonesimulator*]" = YES;
				"INFOPLIST_KEY_UILaunchScreen_Generation[sdk=iphoneos*]" = YES;
				"INFOPLIST_KEY_UILaunchScreen_Generation[sdk=iphonesimulator*]" = YES;
				"INFOPLIST_KEY_UIStatusBarStyle[sdk=iphoneos*]" = UIStatusBarStyleDefault;
				"INFOPLIST_KEY_UIStatusBarStyle[sdk=iphonesimulator*]" = UIStatusBarStyleDefault;
				INFOPLIST_KEY_UISupportedInterfaceOrientations_iPad = "UIInterfaceOrientationPortrait UIInterfaceOrientationPortraitUpsideDown UIInterfaceOrientationLandscapeLeft UIInterfaceOrientationLandscapeRight";
				INFOPLIST_KEY_UISupportedInterfaceOrientations_iPhone = "UIInterfaceOrientationPortrait UIInterfaceOrientationLandscapeLeft UIInterfaceOrientationLandscapeRight";
				IPHONEOS_DEPLOYMENT_TARGET = 16.2;
				LD_RUNPATH_SEARCH_PATHS = "@executable_path/Frameworks";
				"LD_RUNPATH_SEARCH_PATHS[sdk=macosx*]" = "@executable_path/../Frameworks";
				MACOSX_DEPLOYMENT_TARGET = 12.6;
				MARKETING_VERSION = 1.0;
				PRODUCT_BUNDLE_IDENTIFIER = com.scottlydon.PerfectDayWidget;
				PRODUCT_NAME = "$(TARGET_NAME)";
				SDKROOT = auto;
				SUPPORTED_PLATFORMS = "iphoneos iphonesimulator macosx";
				SWIFT_EMIT_LOC_STRINGS = YES;
				SWIFT_VERSION = 5.0;
				TARGETED_DEVICE_FAMILY = "1,2";
			};
			name = Release;
		};
		75D34D102972B11700C0269B /* Debug */ = {
			isa = XCBuildConfiguration;
			buildSettings = {
				ALWAYS_EMBED_SWIFT_STANDARD_LIBRARIES = YES;
				BUNDLE_LOADER = "$(TEST_HOST)";
				CODE_SIGN_STYLE = Automatic;
				CURRENT_PROJECT_VERSION = 1;
				DEVELOPMENT_TEAM = 8L7Z3WU967;
				GENERATE_INFOPLIST_FILE = YES;
				IPHONEOS_DEPLOYMENT_TARGET = 16.2;
				MACOSX_DEPLOYMENT_TARGET = 12.6;
				MARKETING_VERSION = 1.0;
				PRODUCT_BUNDLE_IDENTIFIER = com.scottlydon.PerfectDayWidgetTests;
				PRODUCT_NAME = "$(TARGET_NAME)";
				SDKROOT = auto;
				SUPPORTED_PLATFORMS = "iphoneos iphonesimulator macosx";
				SWIFT_EMIT_LOC_STRINGS = NO;
				SWIFT_VERSION = 5.0;
				TARGETED_DEVICE_FAMILY = "1,2";
				TEST_HOST = "$(BUILT_PRODUCTS_DIR)/PerfectDayWidget.app/$(BUNDLE_EXECUTABLE_FOLDER_PATH)/PerfectDayWidget";
			};
			name = Debug;
		};
		75D34D112972B11700C0269B /* Release */ = {
			isa = XCBuildConfiguration;
			buildSettings = {
				ALWAYS_EMBED_SWIFT_STANDARD_LIBRARIES = YES;
				BUNDLE_LOADER = "$(TEST_HOST)";
				CODE_SIGN_STYLE = Automatic;
				CURRENT_PROJECT_VERSION = 1;
				DEVELOPMENT_TEAM = 8L7Z3WU967;
				GENERATE_INFOPLIST_FILE = YES;
				IPHONEOS_DEPLOYMENT_TARGET = 16.2;
				MACOSX_DEPLOYMENT_TARGET = 12.6;
				MARKETING_VERSION = 1.0;
				PRODUCT_BUNDLE_IDENTIFIER = com.scottlydon.PerfectDayWidgetTests;
				PRODUCT_NAME = "$(TARGET_NAME)";
				SDKROOT = auto;
				SUPPORTED_PLATFORMS = "iphoneos iphonesimulator macosx";
				SWIFT_EMIT_LOC_STRINGS = NO;
				SWIFT_VERSION = 5.0;
				TARGETED_DEVICE_FAMILY = "1,2";
				TEST_HOST = "$(BUILT_PRODUCTS_DIR)/PerfectDayWidget.app/$(BUNDLE_EXECUTABLE_FOLDER_PATH)/PerfectDayWidget";
			};
			name = Release;
		};
		75D34D132972B11700C0269B /* Debug */ = {
			isa = XCBuildConfiguration;
			buildSettings = {
				ALWAYS_EMBED_SWIFT_STANDARD_LIBRARIES = YES;
				CODE_SIGN_STYLE = Automatic;
				CURRENT_PROJECT_VERSION = 1;
				DEVELOPMENT_TEAM = 8L7Z3WU967;
				GENERATE_INFOPLIST_FILE = YES;
				IPHONEOS_DEPLOYMENT_TARGET = 16.2;
				MACOSX_DEPLOYMENT_TARGET = 12.6;
				MARKETING_VERSION = 1.0;
				PRODUCT_BUNDLE_IDENTIFIER = com.scottlydon.PerfectDayWidgetUITests;
				PRODUCT_NAME = "$(TARGET_NAME)";
				SDKROOT = auto;
				SUPPORTED_PLATFORMS = "iphoneos iphonesimulator macosx";
				SWIFT_EMIT_LOC_STRINGS = NO;
				SWIFT_VERSION = 5.0;
				TARGETED_DEVICE_FAMILY = "1,2";
				TEST_TARGET_NAME = PerfectDayWidget;
			};
			name = Debug;
		};
		75D34D142972B11700C0269B /* Release */ = {
			isa = XCBuildConfiguration;
			buildSettings = {
				ALWAYS_EMBED_SWIFT_STANDARD_LIBRARIES = YES;
				CODE_SIGN_STYLE = Automatic;
				CURRENT_PROJECT_VERSION = 1;
				DEVELOPMENT_TEAM = 8L7Z3WU967;
				GENERATE_INFOPLIST_FILE = YES;
				IPHONEOS_DEPLOYMENT_TARGET = 16.2;
				MACOSX_DEPLOYMENT_TARGET = 12.6;
				MARKETING_VERSION = 1.0;
				PRODUCT_BUNDLE_IDENTIFIER = com.scottlydon.PerfectDayWidgetUITests;
				PRODUCT_NAME = "$(TARGET_NAME)";
				SDKROOT = auto;
				SUPPORTED_PLATFORMS = "iphoneos iphonesimulator macosx";
				SWIFT_EMIT_LOC_STRINGS = NO;
				SWIFT_VERSION = 5.0;
				TARGETED_DEVICE_FAMILY = "1,2";
				TEST_TARGET_NAME = PerfectDayWidget;
			};
			name = Release;
		};
		75D34D302972B17000C0269B /* Debug */ = {
			isa = XCBuildConfiguration;
			buildSettings = {
				ASSETCATALOG_COMPILER_GLOBAL_ACCENT_COLOR_NAME = AccentColor;
				ASSETCATALOG_COMPILER_WIDGET_BACKGROUND_COLOR_NAME = WidgetBackground;
				CODE_SIGN_STYLE = Automatic;
				CURRENT_PROJECT_VERSION = 1;
				DEVELOPMENT_TEAM = 8L7Z3WU967;
				GENERATE_INFOPLIST_FILE = YES;
				INFOPLIST_FILE = PerfectDay/Info.plist;
				INFOPLIST_KEY_CFBundleDisplayName = PerfectDay;
				INFOPLIST_KEY_NSHumanReadableCopyright = "";
				IPHONEOS_DEPLOYMENT_TARGET = 16.2;
				LD_RUNPATH_SEARCH_PATHS = (
					"$(inherited)",
					"@executable_path/Frameworks",
					"@executable_path/../../Frameworks",
				);
				MARKETING_VERSION = 1.0;
				PRODUCT_BUNDLE_IDENTIFIER = com.scottlydon.PerfectDayWidget.PerfectDay;
				PRODUCT_NAME = "$(TARGET_NAME)";
				SDKROOT = iphoneos;
				SKIP_INSTALL = YES;
				SWIFT_EMIT_LOC_STRINGS = YES;
				SWIFT_VERSION = 5.0;
				TARGETED_DEVICE_FAMILY = "1,2";
			};
			name = Debug;
		};
		75D34D312972B17000C0269B /* Release */ = {
			isa = XCBuildConfiguration;
			buildSettings = {
				ASSETCATALOG_COMPILER_GLOBAL_ACCENT_COLOR_NAME = AccentColor;
				ASSETCATALOG_COMPILER_WIDGET_BACKGROUND_COLOR_NAME = WidgetBackground;
				CODE_SIGN_STYLE = Automatic;
				CURRENT_PROJECT_VERSION = 1;
				DEVELOPMENT_TEAM = 8L7Z3WU967;
				GENERATE_INFOPLIST_FILE = YES;
				INFOPLIST_FILE = PerfectDay/Info.plist;
				INFOPLIST_KEY_CFBundleDisplayName = PerfectDay;
				INFOPLIST_KEY_NSHumanReadableCopyright = "";
				IPHONEOS_DEPLOYMENT_TARGET = 16.2;
				LD_RUNPATH_SEARCH_PATHS = (
					"$(inherited)",
					"@executable_path/Frameworks",
					"@executable_path/../../Frameworks",
				);
				MARKETING_VERSION = 1.0;
				PRODUCT_BUNDLE_IDENTIFIER = com.scottlydon.PerfectDayWidget.PerfectDay;
				PRODUCT_NAME = "$(TARGET_NAME)";
				SDKROOT = iphoneos;
				SKIP_INSTALL = YES;
				SWIFT_EMIT_LOC_STRINGS = YES;
				SWIFT_VERSION = 5.0;
				TARGETED_DEVICE_FAMILY = "1,2";
				VALIDATE_PRODUCT = YES;
			};
			name = Release;
		};
/* End XCBuildConfiguration section */

/* Begin XCConfigurationList section */
		75D34CE22972B11600C0269B /* Build configuration list for PBXProject "PerfectDayWidget" */ = {
			isa = XCConfigurationList;
			buildConfigurations = (
				75D34D0A2972B11700C0269B /* Debug */,
				75D34D0B2972B11700C0269B /* Release */,
			);
			defaultConfigurationIsVisible = 0;
			defaultConfigurationName = Release;
		};
		75D34D0C2972B11700C0269B /* Build configuration list for PBXNativeTarget "PerfectDayWidget" */ = {
			isa = XCConfigurationList;
			buildConfigurations = (
				75D34D0D2972B11700C0269B /* Debug */,
				75D34D0E2972B11700C0269B /* Release */,
			);
			defaultConfigurationIsVisible = 0;
			defaultConfigurationName = Release;
		};
		75D34D0F2972B11700C0269B /* Build configuration list for PBXNativeTarget "PerfectDayWidgetTests" */ = {
			isa = XCConfigurationList;
			buildConfigurations = (
				75D34D102972B11700C0269B /* Debug */,
				75D34D112972B11700C0269B /* Release */,
			);
			defaultConfigurationIsVisible = 0;
			defaultConfigurationName = Release;
		};
		75D34D122972B11700C0269B /* Build configuration list for PBXNativeTarget "PerfectDayWidgetUITests" */ = {
			isa = XCConfigurationList;
			buildConfigurations = (
				75D34D132972B11700C0269B /* Debug */,
				75D34D142972B11700C0269B /* Release */,
			);
			defaultConfigurationIsVisible = 0;
			defaultConfigurationName = Release;
		};
		75D34D2F2972B17000C0269B /* Build configuration list for PBXNativeTarget "PerfectDayExtension" */ = {
			isa = XCConfigurationList;
			buildConfigurations = (
				75D34D302972B17000C0269B /* Debug */,
				75D34D312972B17000C0269B /* Release */,
			);
			defaultConfigurationIsVisible = 0;
			defaultConfigurationName = Release;
		};
/* End XCConfigurationList section */
	};
	rootObject = 75D34CDF2972B11600C0269B /* Project object */;
}
